
Microsoft Visual Studio Solution File, Format Version 12.00
# Visual Studio Version 16
VisualStudioVersion = 16.0.31424.327
MinimumVisualStudioVersion = 10.0.40219.1
Project("{FAE04EC0-301F-11D3-BF4B-00C04F79EFBC}") = "ADVProblems", "ADVProblems\ADVProblems.csproj", "{74BAB4C6-1D9A-4DA9-9FDD-C3B90387B04C}"
EndProject
Global
	GlobalSection(SolutionConfigurationPlatforms) = preSolution
		Debug|Any CPU = Debug|Any CPU
		Release|Any CPU = Release|Any CPU
	EndGlobalSection
	GlobalSection(ProjectConfigurationPlatforms) = postSolution
		{74BAB4C6-1D9A-4DA9-9FDD-C3B90387B04C}.Debug|Any CPU.ActiveCfg = Debug|Any CPU
		{74BAB4C6-1D9A-4DA9-9FDD-C3B90387B04C}.Debug|Any CPU.Build.0 = Debug|Any CPU
		{74BAB4C6-1D9A-4DA9-9FDD-C3B90387B04C}.Release|Any CPU.ActiveCfg = Release|Any CPU
		{74BAB4C6-1D9A-4DA9-9FDD-C3B90387B04C}.Release|Any CPU.Build.0 = Release|Any CPU
	EndGlobalSection
	GlobalSection(SolutionProperties) = preSolution
		HideSolutionNode = FALSE
	EndGlobalSection
	GlobalSection(ExtensibilityGlobals) = postSolution
		SolutionGuid = {3EBA4641-A96D-4617-A1B6-C245F4307829}
	EndGlobalSection
EndGlobal
